// !$*UTF8*$!
{
	archiveVersion = 1;
	classes = {
	};
	objectVersion = 56;
	objects = {

/* Begin PBXBuildFile section */
		ED0DED4129BADEFC00F30F44 /* AWSAPIPlugin in Frameworks */ = {isa = PBXBuildFile; productRef = ED0DED4029BADEFC00F30F44 /* AWSAPIPlugin */; };
		ED0DED4329BADEFC00F30F44 /* AWSCognitoAuthPlugin in Frameworks */ = {isa = PBXBuildFile; productRef = ED0DED4229BADEFC00F30F44 /* AWSCognitoAuthPlugin */; };
		ED0DED4529BADEFC00F30F44 /* AWSDataStorePlugin in Frameworks */ = {isa = PBXBuildFile; productRef = ED0DED4429BADEFC00F30F44 /* AWSDataStorePlugin */; };
		ED0DED4729BADEFC00F30F44 /* AWSLocationGeoPlugin in Frameworks */ = {isa = PBXBuildFile; productRef = ED0DED4629BADEFC00F30F44 /* AWSLocationGeoPlugin */; };
		ED0DED4929BADEFC00F30F44 /* AWSPinpointAnalyticsPlugin in Frameworks */ = {isa = PBXBuildFile; productRef = ED0DED4829BADEFC00F30F44 /* AWSPinpointAnalyticsPlugin */; };
		ED0DED4B29BADEFC00F30F44 /* AWSPinpointPushNotificationsPlugin in Frameworks */ = {isa = PBXBuildFile; productRef = ED0DED4A29BADEFC00F30F44 /* AWSPinpointPushNotificationsPlugin */; };
		ED0DED4D29BADEFC00F30F44 /* AWSPluginsCore in Frameworks */ = {isa = PBXBuildFile; productRef = ED0DED4C29BADEFC00F30F44 /* AWSPluginsCore */; };
		ED0DED4F29BADEFC00F30F44 /* AWSS3StoragePlugin in Frameworks */ = {isa = PBXBuildFile; productRef = ED0DED4E29BADEFC00F30F44 /* AWSS3StoragePlugin */; };
		ED0DED5129BADEFC00F30F44 /* Amplify in Frameworks */ = {isa = PBXBuildFile; productRef = ED0DED5029BADEFC00F30F44 /* Amplify */; };
		ED0F34EE29B0472000CB9437 /* MeemeApp.swift in Sources */ = {isa = PBXBuildFile; fileRef = ED0F34ED29B0472000CB9437 /* MeemeApp.swift */; };
		ED0F34F229B0472100CB9437 /* Assets.xcassets in Resources */ = {isa = PBXBuildFile; fileRef = ED0F34F129B0472100CB9437 /* Assets.xcassets */; };
		ED0F34FF29B0D94F00CB9437 /* SignUpView.swift in Sources */ = {isa = PBXBuildFile; fileRef = ED0F34FE29B0D94F00CB9437 /* SignUpView.swift */; };
		ED0F350129B0DA8B00CB9437 /* LandingView.swift in Sources */ = {isa = PBXBuildFile; fileRef = ED0F350029B0DA8B00CB9437 /* LandingView.swift */; };
		ED0F350329B0DBAE00CB9437 /* ConfirmationView.swift in Sources */ = {isa = PBXBuildFile; fileRef = ED0F350229B0DBAE00CB9437 /* ConfirmationView.swift */; };
		ED0F350529B0DD6A00CB9437 /* LoginView.swift in Sources */ = {isa = PBXBuildFile; fileRef = ED0F350429B0DD6A00CB9437 /* LoginView.swift */; };
		ED0F350829B0DDCF00CB9437 /* HomeView.swift in Sources */ = {isa = PBXBuildFile; fileRef = ED0F350729B0DDCF00CB9437 /* HomeView.swift */; };
		ED0F350D29B0DE1600CB9437 /* AccountView.swift in Sources */ = {isa = PBXBuildFile; fileRef = ED0F350C29B0DE1600CB9437 /* AccountView.swift */; };
		ED0F350F29B0DE2000CB9437 /* StorageView.swift in Sources */ = {isa = PBXBuildFile; fileRef = ED0F350E29B0DE2000CB9437 /* StorageView.swift */; };
		ED0F351129B0DE2E00CB9437 /* AboutView.swift in Sources */ = {isa = PBXBuildFile; fileRef = ED0F351029B0DE2E00CB9437 /* AboutView.swift */; };
		EDA67E5729B7D69200A8938A /* ImageModel.swift in Sources */ = {isa = PBXBuildFile; fileRef = EDA67E5629B7D69200A8938A /* ImageModel.swift */; };
		EDA67E6A29BAD1FC00A8938A /* DateFormater.swift in Sources */ = {isa = PBXBuildFile; fileRef = EDA67E6929BAD1FC00A8938A /* DateFormater.swift */; };
		EDF1378529B103720018F98D /* awsconfiguration.json in Resources */ = {isa = PBXBuildFile; fileRef = EDF1378329B103720018F98D /* awsconfiguration.json */; };
		EDF1378629B103720018F98D /* amplifyconfiguration.json in Resources */ = {isa = PBXBuildFile; fileRef = EDF1378429B103720018F98D /* amplifyconfiguration.json */; };
		EDF1378829B228CC0018F98D /* SessionModel.swift in Sources */ = {isa = PBXBuildFile; fileRef = EDF1378729B228CC0018F98D /* SessionModel.swift */; };
/* End PBXBuildFile section */

/* Begin PBXFileReference section */
		ED0F34EA29B0472000CB9437 /* Meeme.app */ = {isa = PBXFileReference; explicitFileType = wrapper.application; includeInIndex = 0; path = Meeme.app; sourceTree = BUILT_PRODUCTS_DIR; };
		ED0F34ED29B0472000CB9437 /* MeemeApp.swift */ = {isa = PBXFileReference; lastKnownFileType = sourcecode.swift; path = MeemeApp.swift; sourceTree = "<group>"; };
		ED0F34F129B0472100CB9437 /* Assets.xcassets */ = {isa = PBXFileReference; lastKnownFileType = folder.assetcatalog; path = Assets.xcassets; sourceTree = "<group>"; };
		ED0F34FE29B0D94F00CB9437 /* SignUpView.swift */ = {isa = PBXFileReference; lastKnownFileType = sourcecode.swift; path = SignUpView.swift; sourceTree = "<group>"; };
		ED0F350029B0DA8B00CB9437 /* LandingView.swift */ = {isa = PBXFileReference; lastKnownFileType = sourcecode.swift; path = LandingView.swift; sourceTree = "<group>"; };
		ED0F350229B0DBAE00CB9437 /* ConfirmationView.swift */ = {isa = PBXFileReference; lastKnownFileType = sourcecode.swift; path = ConfirmationView.swift; sourceTree = "<group>"; };
		ED0F350429B0DD6A00CB9437 /* LoginView.swift */ = {isa = PBXFileReference; lastKnownFileType = sourcecode.swift; path = LoginView.swift; sourceTree = "<group>"; };
		ED0F350729B0DDCF00CB9437 /* HomeView.swift */ = {isa = PBXFileReference; lastKnownFileType = sourcecode.swift; path = HomeView.swift; sourceTree = "<group>"; };
		ED0F350C29B0DE1600CB9437 /* AccountView.swift */ = {isa = PBXFileReference; lastKnownFileType = sourcecode.swift; path = AccountView.swift; sourceTree = "<group>"; };
		ED0F350E29B0DE2000CB9437 /* StorageView.swift */ = {isa = PBXFileReference; lastKnownFileType = sourcecode.swift; path = StorageView.swift; sourceTree = "<group>"; };
		ED0F351029B0DE2E00CB9437 /* AboutView.swift */ = {isa = PBXFileReference; lastKnownFileType = sourcecode.swift; path = AboutView.swift; sourceTree = "<group>"; };
		EDA67E5629B7D69200A8938A /* ImageModel.swift */ = {isa = PBXFileReference; lastKnownFileType = sourcecode.swift; path = ImageModel.swift; sourceTree = "<group>"; };
		EDA67E6929BAD1FC00A8938A /* DateFormater.swift */ = {isa = PBXFileReference; lastKnownFileType = sourcecode.swift; path = DateFormater.swift; sourceTree = "<group>"; };
		EDF1378329B103720018F98D /* awsconfiguration.json */ = {isa = PBXFileReference; fileEncoding = 4; lastKnownFileType = text.json; path = awsconfiguration.json; sourceTree = "<group>"; };
		EDF1378429B103720018F98D /* amplifyconfiguration.json */ = {isa = PBXFileReference; fileEncoding = 4; lastKnownFileType = text.json; path = amplifyconfiguration.json; sourceTree = "<group>"; };
		EDF1378729B228CC0018F98D /* SessionModel.swift */ = {isa = PBXFileReference; lastKnownFileType = sourcecode.swift; path = SessionModel.swift; sourceTree = "<group>"; };
/* End PBXFileReference section */

/* Begin PBXFrameworksBuildPhase section */
		ED0F34E729B0472000CB9437 /* Frameworks */ = {
			isa = PBXFrameworksBuildPhase;
			buildActionMask = 2147483647;
			files = (
				ED0DED5129BADEFC00F30F44 /* Amplify in Frameworks */,
				ED0DED4529BADEFC00F30F44 /* AWSDataStorePlugin in Frameworks */,
				ED0DED4D29BADEFC00F30F44 /* AWSPluginsCore in Frameworks */,
				ED0DED4B29BADEFC00F30F44 /* AWSPinpointPushNotificationsPlugin in Frameworks */,
				ED0DED4129BADEFC00F30F44 /* AWSAPIPlugin in Frameworks */,
				ED0DED4929BADEFC00F30F44 /* AWSPinpointAnalyticsPlugin in Frameworks */,
				ED0DED4729BADEFC00F30F44 /* AWSLocationGeoPlugin in Frameworks */,
				ED0DED4329BADEFC00F30F44 /* AWSCognitoAuthPlugin in Frameworks */,
				ED0DED4F29BADEFC00F30F44 /* AWSS3StoragePlugin in Frameworks */,
			);
			runOnlyForDeploymentPostprocessing = 0;
		};
/* End PBXFrameworksBuildPhase section */

/* Begin PBXGroup section */
		ED0DED5229BAFC7900F30F44 /* AmplifyConfig */ = {
			isa = PBXGroup;
			children = (
				EDF1378429B103720018F98D /* amplifyconfiguration.json */,
				EDF1378329B103720018F98D /* awsconfiguration.json */,
			);
			path = AmplifyConfig;
			sourceTree = "<group>";
		};
		ED0F34E129B0472000CB9437 = {
			isa = PBXGroup;
			children = (
				ED0DED5229BAFC7900F30F44 /* AmplifyConfig */,
				ED0F34EC29B0472000CB9437 /* Meeme */,
				ED0F34EB29B0472000CB9437 /* Products */,
			);
			sourceTree = "<group>";
		};
		ED0F34EB29B0472000CB9437 /* Products */ = {
			isa = PBXGroup;
			children = (
				ED0F34EA29B0472000CB9437 /* Meeme.app */,
			);
			name = Products;
			sourceTree = "<group>";
		};
		ED0F34EC29B0472000CB9437 /* Meeme */ = {
			isa = PBXGroup;
			children = (
				ED0F34FC29B047CD00CB9437 /* Helpers */,
				EDA67E5029B7D26100A8938A /* Models */,
				ED0F34FB29B047C000CB9437 /* Views */,
				ED0F34ED29B0472000CB9437 /* MeemeApp.swift */,
				ED0F34F129B0472100CB9437 /* Assets.xcassets */,
			);
			path = Meeme;
			sourceTree = "<group>";
		};
		ED0F34FB29B047C000CB9437 /* Views */ = {
			isa = PBXGroup;
			children = (
				ED0F34FD29B0D93300CB9437 /* Auth */,
				ED0F350629B0DD9000CB9437 /* Core */,
				ED0F350B29B0DDF900CB9437 /* Settings */,
			);
			path = Views;
			sourceTree = "<group>";
		};
		ED0F34FC29B047CD00CB9437 /* Helpers */ = {
			isa = PBXGroup;
			children = (
				EDA67E6929BAD1FC00A8938A /* DateFormater.swift */,
			);
			path = Helpers;
			sourceTree = "<group>";
		};
		ED0F34FD29B0D93300CB9437 /* Auth */ = {
			isa = PBXGroup;
			children = (
				ED0F350029B0DA8B00CB9437 /* LandingView.swift */,
				ED0F350429B0DD6A00CB9437 /* LoginView.swift */,
				ED0F34FE29B0D94F00CB9437 /* SignUpView.swift */,
				ED0F350229B0DBAE00CB9437 /* ConfirmationView.swift */,
			);
			path = Auth;
			sourceTree = "<group>";
		};
		ED0F350629B0DD9000CB9437 /* Core */ = {
			isa = PBXGroup;
			children = (
				ED0F350729B0DDCF00CB9437 /* HomeView.swift */,
			);
			path = Core;
			sourceTree = "<group>";
		};
		ED0F350B29B0DDF900CB9437 /* Settings */ = {
			isa = PBXGroup;
			children = (
				ED0F350C29B0DE1600CB9437 /* AccountView.swift */,
				ED0F350E29B0DE2000CB9437 /* StorageView.swift */,
				ED0F351029B0DE2E00CB9437 /* AboutView.swift */,
			);
			path = Settings;
			sourceTree = "<group>";
		};
		EDA67E5029B7D26100A8938A /* Models */ = {
			isa = PBXGroup;
			children = (
				EDF1378729B228CC0018F98D /* SessionModel.swift */,
				EDA67E5629B7D69200A8938A /* ImageModel.swift */,
			);
			path = Models;
			sourceTree = "<group>";
		};
/* End PBXGroup section */

/* Begin PBXNativeTarget section */
		ED0F34E929B0472000CB9437 /* Meeme */ = {
			isa = PBXNativeTarget;
			buildConfigurationList = ED0F34F829B0472100CB9437 /* Build configuration list for PBXNativeTarget "Meeme" */;
			buildPhases = (
				ED0F34E629B0472000CB9437 /* Sources */,
				ED0F34E729B0472000CB9437 /* Frameworks */,
				ED0F34E829B0472000CB9437 /* Resources */,
			);
			buildRules = (
			);
			dependencies = (
			);
			name = Meeme;
			packageProductDependencies = (
				ED0DED4029BADEFC00F30F44 /* AWSAPIPlugin */,
				ED0DED4229BADEFC00F30F44 /* AWSCognitoAuthPlugin */,
				ED0DED4429BADEFC00F30F44 /* AWSDataStorePlugin */,
				ED0DED4629BADEFC00F30F44 /* AWSLocationGeoPlugin */,
				ED0DED4829BADEFC00F30F44 /* AWSPinpointAnalyticsPlugin */,
				ED0DED4A29BADEFC00F30F44 /* AWSPinpointPushNotificationsPlugin */,
				ED0DED4C29BADEFC00F30F44 /* AWSPluginsCore */,
				ED0DED4E29BADEFC00F30F44 /* AWSS3StoragePlugin */,
				ED0DED5029BADEFC00F30F44 /* Amplify */,
			);
			productName = Meeme;
			productReference = ED0F34EA29B0472000CB9437 /* Meeme.app */;
			productType = "com.apple.product-type.application";
		};
/* End PBXNativeTarget section */

/* Begin PBXProject section */
		ED0F34E229B0472000CB9437 /* Project object */ = {
			isa = PBXProject;
			attributes = {
				BuildIndependentTargetsInParallel = 1;
				LastSwiftUpdateCheck = 1420;
				LastUpgradeCheck = 1420;
				TargetAttributes = {
					ED0F34E929B0472000CB9437 = {
						CreatedOnToolsVersion = 14.2;
					};
				};
			};
			buildConfigurationList = ED0F34E529B0472000CB9437 /* Build configuration list for PBXProject "Meeme" */;
			compatibilityVersion = "Xcode 14.0";
			developmentRegion = en;
			hasScannedForEncodings = 0;
			knownRegions = (
				en,
				Base,
			);
			mainGroup = ED0F34E129B0472000CB9437;
			packageReferences = (
				ED0DED3F29BADEFC00F30F44 /* XCRemoteSwiftPackageReference "amplify-swift" */,
			);
			productRefGroup = ED0F34EB29B0472000CB9437 /* Products */;
			projectDirPath = "";
			projectRoot = "";
			targets = (
				ED0F34E929B0472000CB9437 /* Meeme */,
			);
		};
/* End PBXProject section */

/* Begin PBXResourcesBuildPhase section */
		ED0F34E829B0472000CB9437 /* Resources */ = {
			isa = PBXResourcesBuildPhase;
			buildActionMask = 2147483647;
			files = (
				ED0F34F229B0472100CB9437 /* Assets.xcassets in Resources */,
				EDF1378529B103720018F98D /* awsconfiguration.json in Resources */,
				EDF1378629B103720018F98D /* amplifyconfiguration.json in Resources */,
			);
			runOnlyForDeploymentPostprocessing = 0;
		};
/* End PBXResourcesBuildPhase section */

/* Begin PBXSourcesBuildPhase section */
		ED0F34E629B0472000CB9437 /* Sources */ = {
			isa = PBXSourcesBuildPhase;
			buildActionMask = 2147483647;
			files = (
				ED0F350129B0DA8B00CB9437 /* LandingView.swift in Sources */,
				ED0F350329B0DBAE00CB9437 /* ConfirmationView.swift in Sources */,
				ED0F34FF29B0D94F00CB9437 /* SignUpView.swift in Sources */,
				ED0F350829B0DDCF00CB9437 /* HomeView.swift in Sources */,
				ED0F351129B0DE2E00CB9437 /* AboutView.swift in Sources */,
				ED0F350D29B0DE1600CB9437 /* AccountView.swift in Sources */,
				ED0F350529B0DD6A00CB9437 /* LoginView.swift in Sources */,
				EDA67E5729B7D69200A8938A /* ImageModel.swift in Sources */,
				ED0F350F29B0DE2000CB9437 /* StorageView.swift in Sources */,
				ED0F34EE29B0472000CB9437 /* MeemeApp.swift in Sources */,
				EDF1378829B228CC0018F98D /* SessionModel.swift in Sources */,
				EDA67E6A29BAD1FC00A8938A /* DateFormater.swift in Sources */,
			);
			runOnlyForDeploymentPostprocessing = 0;
		};
/* End PBXSourcesBuildPhase section */

/* Begin XCBuildConfiguration section */
		ED0F34F629B0472100CB9437 /* Debug */ = {
			isa = XCBuildConfiguration;
			buildSettings = {
				ALWAYS_SEARCH_USER_PATHS = NO;
				CLANG_ANALYZER_NONNULL = YES;
				CLANG_ANALYZER_NUMBER_OBJECT_CONVERSION = YES_AGGRESSIVE;
				CLANG_CXX_LANGUAGE_STANDARD = "gnu++20";
				CLANG_ENABLE_MODULES = YES;
				CLANG_ENABLE_OBJC_ARC = YES;
				CLANG_ENABLE_OBJC_WEAK = YES;
				CLANG_WARN_BLOCK_CAPTURE_AUTORELEASING = YES;
				CLANG_WARN_BOOL_CONVERSION = YES;
				CLANG_WARN_COMMA = YES;
				CLANG_WARN_CONSTANT_CONVERSION = YES;
				CLANG_WARN_DEPRECATED_OBJC_IMPLEMENTATIONS = YES;
				CLANG_WARN_DIRECT_OBJC_ISA_USAGE = YES_ERROR;
				CLANG_WARN_DOCUMENTATION_COMMENTS = YES;
				CLANG_WARN_EMPTY_BODY = YES;
				CLANG_WARN_ENUM_CONVERSION = YES;
				CLANG_WARN_INFINITE_RECURSION = YES;
				CLANG_WARN_INT_CONVERSION = YES;
				CLANG_WARN_NON_LITERAL_NULL_CONVERSION = YES;
				CLANG_WARN_OBJC_IMPLICIT_RETAIN_SELF = YES;
				CLANG_WARN_OBJC_LITERAL_CONVERSION = YES;
				CLANG_WARN_OBJC_ROOT_CLASS = YES_ERROR;
				CLANG_WARN_QUOTED_INCLUDE_IN_FRAMEWORK_HEADER = YES;
				CLANG_WARN_RANGE_LOOP_ANALYSIS = YES;
				CLANG_WARN_STRICT_PROTOTYPES = YES;
				CLANG_WARN_SUSPICIOUS_MOVE = YES;
				CLANG_WARN_UNGUARDED_AVAILABILITY = YES_AGGRESSIVE;
				CLANG_WARN_UNREACHABLE_CODE = YES;
				CLANG_WARN__DUPLICATE_METHOD_MATCH = YES;
				COPY_PHASE_STRIP = NO;
				DEBUG_INFORMATION_FORMAT = dwarf;
				ENABLE_STRICT_OBJC_MSGSEND = YES;
				ENABLE_TESTABILITY = YES;
				GCC_C_LANGUAGE_STANDARD = gnu11;
				GCC_DYNAMIC_NO_PIC = NO;
				GCC_NO_COMMON_BLOCKS = YES;
				GCC_OPTIMIZATION_LEVEL = 0;
				GCC_PREPROCESSOR_DEFINITIONS = (
					"DEBUG=1",
					"$(inherited)",
				);
				GCC_WARN_64_TO_32_BIT_CONVERSION = YES;
				GCC_WARN_ABOUT_RETURN_TYPE = YES_ERROR;
				GCC_WARN_UNDECLARED_SELECTOR = YES;
				GCC_WARN_UNINITIALIZED_AUTOS = YES_AGGRESSIVE;
				GCC_WARN_UNUSED_FUNCTION = YES;
				GCC_WARN_UNUSED_VARIABLE = YES;
				IPHONEOS_DEPLOYMENT_TARGET = 16.2;
				MTL_ENABLE_DEBUG_INFO = INCLUDE_SOURCE;
				MTL_FAST_MATH = YES;
				ONLY_ACTIVE_ARCH = YES;
				SDKROOT = iphoneos;
				SWIFT_ACTIVE_COMPILATION_CONDITIONS = DEBUG;
				SWIFT_OPTIMIZATION_LEVEL = "-Onone";
			};
			name = Debug;
		};
		ED0F34F729B0472100CB9437 /* Release */ = {
			isa = XCBuildConfiguration;
			buildSettings = {
				ALWAYS_SEARCH_USER_PATHS = NO;
				CLANG_ANALYZER_NONNULL = YES;
				CLANG_ANALYZER_NUMBER_OBJECT_CONVERSION = YES_AGGRESSIVE;
				CLANG_CXX_LANGUAGE_STANDARD = "gnu++20";
				CLANG_ENABLE_MODULES = YES;
				CLANG_ENABLE_OBJC_ARC = YES;
				CLANG_ENABLE_OBJC_WEAK = YES;
				CLANG_WARN_BLOCK_CAPTURE_AUTORELEASING = YES;
				CLANG_WARN_BOOL_CONVERSION = YES;
				CLANG_WARN_COMMA = YES;
				CLANG_WARN_CONSTANT_CONVERSION = YES;
				CLANG_WARN_DEPRECATED_OBJC_IMPLEMENTATIONS = YES;
				CLANG_WARN_DIRECT_OBJC_ISA_USAGE = YES_ERROR;
				CLANG_WARN_DOCUMENTATION_COMMENTS = YES;
				CLANG_WARN_EMPTY_BODY = YES;
				CLANG_WARN_ENUM_CONVERSION = YES;
				CLANG_WARN_INFINITE_RECURSION = YES;
				CLANG_WARN_INT_CONVERSION = YES;
				CLANG_WARN_NON_LITERAL_NULL_CONVERSION = YES;
				CLANG_WARN_OBJC_IMPLICIT_RETAIN_SELF = YES;
				CLANG_WARN_OBJC_LITERAL_CONVERSION = YES;
				CLANG_WARN_OBJC_ROOT_CLASS = YES_ERROR;
				CLANG_WARN_QUOTED_INCLUDE_IN_FRAMEWORK_HEADER = YES;
				CLANG_WARN_RANGE_LOOP_ANALYSIS = YES;
				CLANG_WARN_STRICT_PROTOTYPES = YES;
				CLANG_WARN_SUSPICIOUS_MOVE = YES;
				CLANG_WARN_UNGUARDED_AVAILABILITY = YES_AGGRESSIVE;
				CLANG_WARN_UNREACHABLE_CODE = YES;
				CLANG_WARN__DUPLICATE_METHOD_MATCH = YES;
				COPY_PHASE_STRIP = NO;
				DEBUG_INFORMATION_FORMAT = "dwarf-with-dsym";
				ENABLE_NS_ASSERTIONS = NO;
				ENABLE_STRICT_OBJC_MSGSEND = YES;
				GCC_C_LANGUAGE_STANDARD = gnu11;
				GCC_NO_COMMON_BLOCKS = YES;
				GCC_WARN_64_TO_32_BIT_CONVERSION = YES;
				GCC_WARN_ABOUT_RETURN_TYPE = YES_ERROR;
				GCC_WARN_UNDECLARED_SELECTOR = YES;
				GCC_WARN_UNINITIALIZED_AUTOS = YES_AGGRESSIVE;
				GCC_WARN_UNUSED_FUNCTION = YES;
				GCC_WARN_UNUSED_VARIABLE = YES;
				IPHONEOS_DEPLOYMENT_TARGET = 16.2;
				MTL_ENABLE_DEBUG_INFO = NO;
				MTL_FAST_MATH = YES;
				SDKROOT = iphoneos;
				SWIFT_COMPILATION_MODE = wholemodule;
				SWIFT_OPTIMIZATION_LEVEL = "-O";
				VALIDATE_PRODUCT = YES;
			};
			name = Release;
		};
		ED0F34F929B0472100CB9437 /* Debug */ = {
			isa = XCBuildConfiguration;
			buildSettings = {
				ASSETCATALOG_COMPILER_APPICON_NAME = AppIcon;
				ASSETCATALOG_COMPILER_GLOBAL_ACCENT_COLOR_NAME = AccentColor;
				CODE_SIGN_STYLE = Automatic;
				CURRENT_PROJECT_VERSION = 1;
				DEVELOPMENT_ASSET_PATHS = "";
				DEVELOPMENT_TEAM = TQ5H7S99UR;
				ENABLE_PREVIEWS = YES;
				GENERATE_INFOPLIST_FILE = YES;
				INFOPLIST_KEY_UIApplicationSceneManifest_Generation = YES;
				INFOPLIST_KEY_UIApplicationSupportsIndirectInputEvents = YES;
				INFOPLIST_KEY_UILaunchScreen_Generation = YES;
				INFOPLIST_KEY_UISupportedInterfaceOrientations_iPad = "UIInterfaceOrientationPortrait UIInterfaceOrientationPortraitUpsideDown UIInterfaceOrientationLandscapeLeft UIInterfaceOrientationLandscapeRight";
				INFOPLIST_KEY_UISupportedInterfaceOrientations_iPhone = "UIInterfaceOrientationPortrait UIInterfaceOrientationLandscapeLeft UIInterfaceOrientationLandscapeRight";
				LD_RUNPATH_SEARCH_PATHS = (
					"$(inherited)",
					"@executable_path/Frameworks",
				);
				MARKETING_VERSION = 1.0;
				PRODUCT_BUNDLE_IDENTIFIER = "com.davidmvenegas.meeme-app";
				PRODUCT_NAME = "$(TARGET_NAME)";
				SWIFT_EMIT_LOC_STRINGS = YES;
				SWIFT_VERSION = 5.0;
				TARGETED_DEVICE_FAMILY = "1,2";
			};
			name = Debug;
		};
		ED0F34FA29B0472100CB9437 /* Release */ = {
			isa = XCBuildConfiguration;
			buildSettings = {
				ASSETCATALOG_COMPILER_APPICON_NAME = AppIcon;
				ASSETCATALOG_COMPILER_GLOBAL_ACCENT_COLOR_NAME = AccentColor;
				CODE_SIGN_ENTITLEMENTS = Meeme/MeemeRelease.entitlements;
				CODE_SIGN_STYLE = Automatic;
				CURRENT_PROJECT_VERSION = 1;
				DEVELOPMENT_ASSET_PATHS = "";
				DEVELOPMENT_TEAM = TQ5H7S99UR;
				ENABLE_PREVIEWS = YES;
				GENERATE_INFOPLIST_FILE = YES;
				INFOPLIST_KEY_UIApplicationSceneManifest_Generation = YES;
				INFOPLIST_KEY_UIApplicationSupportsIndirectInputEvents = YES;
				INFOPLIST_KEY_UILaunchScreen_Generation = YES;
				INFOPLIST_KEY_UISupportedInterfaceOrientations_iPad = "UIInterfaceOrientationPortrait UIInterfaceOrientationPortraitUpsideDown UIInterfaceOrientationLandscapeLeft UIInterfaceOrientationLandscapeRight";
				INFOPLIST_KEY_UISupportedInterfaceOrientations_iPhone = "UIInterfaceOrientationPortrait UIInterfaceOrientationLandscapeLeft UIInterfaceOrientationLandscapeRight";
				LD_RUNPATH_SEARCH_PATHS = (
					"$(inherited)",
					"@executable_path/Frameworks",
				);
				MARKETING_VERSION = 1.0;
				PRODUCT_BUNDLE_IDENTIFIER = "com.davidmvenegas.meeme-app";
				PRODUCT_NAME = "$(TARGET_NAME)";
				SWIFT_EMIT_LOC_STRINGS = YES;
				SWIFT_VERSION = 5.0;
				TARGETED_DEVICE_FAMILY = "1,2";
			};
			name = Release;
		};
/* End XCBuildConfiguration section */

/* Begin XCConfigurationList section */
		ED0F34E529B0472000CB9437 /* Build configuration list for PBXProject "Meeme" */ = {
			isa = XCConfigurationList;
			buildConfigurations = (
				ED0F34F629B0472100CB9437 /* Debug */,
				ED0F34F729B0472100CB9437 /* Release */,
			);
			defaultConfigurationIsVisible = 0;
			defaultConfigurationName = Release;
		};
		ED0F34F829B0472100CB9437 /* Build configuration list for PBXNativeTarget "Meeme" */ = {
			isa = XCConfigurationList;
			buildConfigurations = (
				ED0F34F929B0472100CB9437 /* Debug */,
				ED0F34FA29B0472100CB9437 /* Release */,
			);
			defaultConfigurationIsVisible = 0;
			defaultConfigurationName = Release;
		};
/* End XCConfigurationList section */

/* Begin XCRemoteSwiftPackageReference section */
		ED0DED3F29BADEFC00F30F44 /* XCRemoteSwiftPackageReference "amplify-swift" */ = {
			isa = XCRemoteSwiftPackageReference;
			repositoryURL = "https://github.com/aws-amplify/amplify-swift";
			requirement = {
				branch = main;
				kind = branch;
			};
		};
/* End XCRemoteSwiftPackageReference section */

/* Begin XCSwiftPackageProductDependency section */
		ED0DED4029BADEFC00F30F44 /* AWSAPIPlugin */ = {
			isa = XCSwiftPackageProductDependency;
			package = ED0DED3F29BADEFC00F30F44 /* XCRemoteSwiftPackageReference "amplify-swift" */;
			productName = AWSAPIPlugin;
		};
		ED0DED4229BADEFC00F30F44 /* AWSCognitoAuthPlugin */ = {
			isa = XCSwiftPackageProductDependency;
			package = ED0DED3F29BADEFC00F30F44 /* XCRemoteSwiftPackageReference "amplify-swift" */;
			productName = AWSCognitoAuthPlugin;
		};
		ED0DED4429BADEFC00F30F44 /* AWSDataStorePlugin */ = {
			isa = XCSwiftPackageProductDependency;
			package = ED0DED3F29BADEFC00F30F44 /* XCRemoteSwiftPackageReference "amplify-swift" */;
			productName = AWSDataStorePlugin;
		};
		ED0DED4629BADEFC00F30F44 /* AWSLocationGeoPlugin */ = {
			isa = XCSwiftPackageProductDependency;
			package = ED0DED3F29BADEFC00F30F44 /* XCRemoteSwiftPackageReference "amplify-swift" */;
			productName = AWSLocationGeoPlugin;
		};
		ED0DED4829BADEFC00F30F44 /* AWSPinpointAnalyticsPlugin */ = {
			isa = XCSwiftPackageProductDependency;
			package = ED0DED3F29BADEFC00F30F44 /* XCRemoteSwiftPackageReference "amplify-swift" */;
			productName = AWSPinpointAnalyticsPlugin;
		};
		ED0DED4A29BADEFC00F30F44 /* AWSPinpointPushNotificationsPlugin */ = {
			isa = XCSwiftPackageProductDependency;
			package = ED0DED3F29BADEFC00F30F44 /* XCRemoteSwiftPackageReference "amplify-swift" */;
			productName = AWSPinpointPushNotificationsPlugin;
		};
		ED0DED4C29BADEFC00F30F44 /* AWSPluginsCore */ = {
			isa = XCSwiftPackageProductDependency;
			package = ED0DED3F29BADEFC00F30F44 /* XCRemoteSwiftPackageReference "amplify-swift" */;
			productName = AWSPluginsCore;
		};
		ED0DED4E29BADEFC00F30F44 /* AWSS3StoragePlugin */ = {
			isa = XCSwiftPackageProductDependency;
			package = ED0DED3F29BADEFC00F30F44 /* XCRemoteSwiftPackageReference "amplify-swift" */;
			productName = AWSS3StoragePlugin;
		};
		ED0DED5029BADEFC00F30F44 /* Amplify */ = {
			isa = XCSwiftPackageProductDependency;
			package = ED0DED3F29BADEFC00F30F44 /* XCRemoteSwiftPackageReference "amplify-swift" */;
			productName = Amplify;
		};
/* End XCSwiftPackageProductDependency section */
	};
	rootObject = ED0F34E229B0472000CB9437 /* Project object */;
}
